
Microsoft Visual Studio Solution File, Format Version 12.00
# Visual Studio 2012
Project("{FAE04EC0-301F-11D3-BF4B-00C04F79EFBC}") = "Midgard Messenger", "MidgardMessenger\Midgard Messenger.csproj", "{44FEC871-E09B-49F5-BAEC-5505960E14A9}"
EndProject
Project("{FAE04EC0-301F-11D3-BF4B-00C04F79EFBC}") = "MidgardMessenger.UITests", "MidgardMessenger.UITests\MidgardMessenger.UITests.csproj", "{A612BFA1-57B2-41A3-8276-EC5979F813AC}"
EndProject
Project("{FAE04EC0-301F-11D3-BF4B-00C04F79EFBC}") = "Xamarin.Auth.Android", "..\Xamarin.Auth\src\Xamarin.Auth.Android\Xamarin.Auth.Android.csproj", "{FCF02C8C-6DD3-4C59-A8A2-58BC01A4BB21}"
EndProject
Global
	GlobalSection(SolutionConfigurationPlatforms) = preSolution
		Debug|Any CPU = Debug|Any CPU
		Release|Any CPU = Release|Any CPU
	EndGlobalSection
	GlobalSection(ProjectConfigurationPlatforms) = postSolution
		{44FEC871-E09B-49F5-BAEC-5505960E14A9}.Debug|Any CPU.ActiveCfg = Debug|Any CPU
		{44FEC871-E09B-49F5-BAEC-5505960E14A9}.Debug|Any CPU.Build.0 = Debug|Any CPU
		{44FEC871-E09B-49F5-BAEC-5505960E14A9}.Release|Any CPU.ActiveCfg = Release|Any CPU
		{44FEC871-E09B-49F5-BAEC-5505960E14A9}.Release|Any CPU.Build.0 = Release|Any CPU
		{A612BFA1-57B2-41A3-8276-EC5979F813AC}.Debug|Any CPU.ActiveCfg = Debug|Any CPU
		{A612BFA1-57B2-41A3-8276-EC5979F813AC}.Debug|Any CPU.Build.0 = Debug|Any CPU
		{A612BFA1-57B2-41A3-8276-EC5979F813AC}.Release|Any CPU.ActiveCfg = Release|Any CPU
		{A612BFA1-57B2-41A3-8276-EC5979F813AC}.Release|Any CPU.Build.0 = Release|Any CPU
		{FCF02C8C-6DD3-4C59-A8A2-58BC01A4BB21}.Debug|Any CPU.ActiveCfg = Debug|Any CPU
		{FCF02C8C-6DD3-4C59-A8A2-58BC01A4BB21}.Debug|Any CPU.Build.0 = Debug|Any CPU
		{FCF02C8C-6DD3-4C59-A8A2-58BC01A4BB21}.Release|Any CPU.ActiveCfg = Release|Any CPU
		{FCF02C8C-6DD3-4C59-A8A2-58BC01A4BB21}.Release|Any CPU.Build.0 = Release|Any CPU
	EndGlobalSection
EndGlobal
